
Microsoft Visual Studio Solution File, Format Version 12.00
# Visual Studio 15
VisualStudioVersion = 15.0.25807.0
MinimumVisualStudioVersion = 10.0.40219.1
Project("{2150E333-8FDC-42A3-9474-1A3956D46DE8}") = "Engine", "Engine", "{108D77E8-71A8-4A23-8099-2E574505C014}"
EndProject
Project("{2150E333-8FDC-42A3-9474-1A3956D46DE8}") = "Games", "Games", "{BE74C90B-CC23-4A49-98DC-C32AA7211558}"
EndProject
Project("{8BC9CEB8-8B4A-11D0-8D11-00A0C91BC942}") = "UE4", "Intermediate\ProjectFiles\UE4.vcxproj", "{CE256869-34AA-4AC6-A81A-9695920D9ED3}"
EndProject
Project("{8BC9CEB8-8B4A-11D0-8D11-00A0C91BC942}") = "ChessCards", "Intermediate\ProjectFiles\ChessCards.vcxproj", "{68915467-6D87-488A-94F5-97525782F617}"
EndProject
Project("{2150E333-8FDC-42A3-9474-1A3956D46DE8}") = "Visualizers", "Visualizers", "{79E4CD60-54AB-4BFC-BADA-84B584E3D724}"
	ProjectSection(SolutionItems) = preProject
		D:\UE4\UE_4.22\Engine\Extras\VisualStudioDebugging\UE4.natvis = D:\UE4\UE_4.22\Engine\Extras\VisualStudioDebugging\UE4.natvis
	EndProjectSection
EndProject
Global
	GlobalSection(SolutionConfigurationPlatforms) = preSolution
		DebugGame Editor|HTML5 = DebugGame Editor|HTML5
		DebugGame Editor|Win32 = DebugGame Editor|Win32
		DebugGame Editor|Win64 = DebugGame Editor|Win64
		DebugGame|HTML5 = DebugGame|HTML5
		DebugGame|Win32 = DebugGame|Win32
		DebugGame|Win64 = DebugGame|Win64
		Development Editor|HTML5 = Development Editor|HTML5
		Development Editor|Win32 = Development Editor|Win32
		Development Editor|Win64 = Development Editor|Win64
		Development|HTML5 = Development|HTML5
		Development|Win32 = Development|Win32
		Development|Win64 = Development|Win64
		Shipping|HTML5 = Shipping|HTML5
		Shipping|Win32 = Shipping|Win32
		Shipping|Win64 = Shipping|Win64
	EndGlobalSection
	GlobalSection(ProjectConfigurationPlatforms) = postSolution
		{CE256869-34AA-4AC6-A81A-9695920D9ED3}.DebugGame Editor|HTML5.ActiveCfg = BuiltWithUnrealBuildTool|Win32
		{CE256869-34AA-4AC6-A81A-9695920D9ED3}.DebugGame Editor|Win32.ActiveCfg = BuiltWithUnrealBuildTool|Win32
		{CE256869-34AA-4AC6-A81A-9695920D9ED3}.DebugGame Editor|Win64.ActiveCfg = BuiltWithUnrealBuildTool|Win32
		{CE256869-34AA-4AC6-A81A-9695920D9ED3}.DebugGame|HTML5.ActiveCfg = BuiltWithUnrealBuildTool|Win32
		{CE256869-34AA-4AC6-A81A-9695920D9ED3}.DebugGame|Win32.ActiveCfg = BuiltWithUnrealBuildTool|Win32
		{CE256869-34AA-4AC6-A81A-9695920D9ED3}.DebugGame|Win64.ActiveCfg = BuiltWithUnrealBuildTool|Win32
		{CE256869-34AA-4AC6-A81A-9695920D9ED3}.Development Editor|HTML5.ActiveCfg = BuiltWithUnrealBuildTool|Win32
		{CE256869-34AA-4AC6-A81A-9695920D9ED3}.Development Editor|Win32.ActiveCfg = BuiltWithUnrealBuildTool|Win32
		{CE256869-34AA-4AC6-A81A-9695920D9ED3}.Development Editor|Win64.ActiveCfg = BuiltWithUnrealBuildTool|Win32
		{CE256869-34AA-4AC6-A81A-9695920D9ED3}.Development|HTML5.ActiveCfg = BuiltWithUnrealBuildTool|Win32
		{CE256869-34AA-4AC6-A81A-9695920D9ED3}.Development|Win32.ActiveCfg = BuiltWithUnrealBuildTool|Win32
		{CE256869-34AA-4AC6-A81A-9695920D9ED3}.Development|Win64.ActiveCfg = BuiltWithUnrealBuildTool|Win32
		{CE256869-34AA-4AC6-A81A-9695920D9ED3}.Shipping|HTML5.ActiveCfg = BuiltWithUnrealBuildTool|Win32
		{CE256869-34AA-4AC6-A81A-9695920D9ED3}.Shipping|Win32.ActiveCfg = BuiltWithUnrealBuildTool|Win32
		{CE256869-34AA-4AC6-A81A-9695920D9ED3}.Shipping|Win64.ActiveCfg = BuiltWithUnrealBuildTool|Win32
		{68915467-6D87-488A-94F5-97525782F617}.DebugGame Editor|HTML5.ActiveCfg = Invalid|Win32
		{68915467-6D87-488A-94F5-97525782F617}.DebugGame Editor|Win32.ActiveCfg = Invalid|Win32
		{68915467-6D87-488A-94F5-97525782F617}.DebugGame Editor|Win64.ActiveCfg = DebugGame_Editor|x64
		{68915467-6D87-488A-94F5-97525782F617}.DebugGame Editor|Win64.Build.0 = DebugGame_Editor|x64
		{68915467-6D87-488A-94F5-97525782F617}.DebugGame|HTML5.ActiveCfg = HTML5_DebugGame|Win32
		{68915467-6D87-488A-94F5-97525782F617}.DebugGame|HTML5.Build.0 = HTML5_DebugGame|Win32
		{68915467-6D87-488A-94F5-97525782F617}.DebugGame|Win32.ActiveCfg = DebugGame|Win32
		{68915467-6D87-488A-94F5-97525782F617}.DebugGame|Win32.Build.0 = DebugGame|Win32
		{68915467-6D87-488A-94F5-97525782F617}.DebugGame|Win64.ActiveCfg = DebugGame|x64
		{68915467-6D87-488A-94F5-97525782F617}.DebugGame|Win64.Build.0 = DebugGame|x64
		{68915467-6D87-488A-94F5-97525782F617}.Development Editor|HTML5.ActiveCfg = Invalid|Win32
		{68915467-6D87-488A-94F5-97525782F617}.Development Editor|Win32.ActiveCfg = Invalid|Win32
		{68915467-6D87-488A-94F5-97525782F617}.Development Editor|Win64.ActiveCfg = Development_Editor|x64
		{68915467-6D87-488A-94F5-97525782F617}.Development Editor|Win64.Build.0 = Development_Editor|x64
		{68915467-6D87-488A-94F5-97525782F617}.Development|HTML5.ActiveCfg = HTML5_Development|Win32
		{68915467-6D87-488A-94F5-97525782F617}.Development|HTML5.Build.0 = HTML5_Development|Win32
		{68915467-6D87-488A-94F5-97525782F617}.Development|Win32.ActiveCfg = Development|Win32
		{68915467-6D87-488A-94F5-97525782F617}.Development|Win32.Build.0 = Development|Win32
		{68915467-6D87-488A-94F5-97525782F617}.Development|Win64.ActiveCfg = Development|x64
		{68915467-6D87-488A-94F5-97525782F617}.Development|Win64.Build.0 = Development|x64
		{68915467-6D87-488A-94F5-97525782F617}.Shipping|HTML5.ActiveCfg = HTML5_Shipping|Win32
		{68915467-6D87-488A-94F5-97525782F617}.Shipping|HTML5.Build.0 = HTML5_Shipping|Win32
		{68915467-6D87-488A-94F5-97525782F617}.Shipping|Win32.ActiveCfg = Shipping|Win32
		{68915467-6D87-488A-94F5-97525782F617}.Shipping|Win32.Build.0 = Shipping|Win32
		{68915467-6D87-488A-94F5-97525782F617}.Shipping|Win64.ActiveCfg = Shipping|x64
		{68915467-6D87-488A-94F5-97525782F617}.Shipping|Win64.Build.0 = Shipping|x64
	EndGlobalSection
	GlobalSection(SolutionProperties) = preSolution
		HideSolutionNode = FALSE
	EndGlobalSection
	GlobalSection(NestedProjects) = preSolution
		{CE256869-34AA-4AC6-A81A-9695920D9ED3} = {108D77E8-71A8-4A23-8099-2E574505C014}
		{68915467-6D87-488A-94F5-97525782F617} = {BE74C90B-CC23-4A49-98DC-C32AA7211558}
	EndGlobalSection
EndGlobal
